
Microsoft Visual Studio Solution File, Format Version 12.00
# Visual Studio Version 17
VisualStudioVersion = 17.5.002.0
MinimumVisualStudioVersion = 10.0.40219.1
Project("{9A19103F-16F7-4668-BE54-9A1E7A4F7556}") = "cracking-code", "cracking-code\cracking-code.csproj", "{C4E371AE-5700-4C7E-ABE1-C4F2F842316D}"
EndProject
Project("{9A19103F-16F7-4668-BE54-9A1E7A4F7556}") = "cracking-code-tests", "cracking-code-tests\cracking-code-tests.csproj", "{2EEF2D76-9B74-4399-A5FA-E0B1D9E14813}"
EndProject
Global
	GlobalSection(SolutionConfigurationPlatforms) = preSolution
		Debug|Any CPU = Debug|Any CPU
		Release|Any CPU = Release|Any CPU
	EndGlobalSection
	GlobalSection(ProjectConfigurationPlatforms) = postSolution
		{C4E371AE-5700-4C7E-ABE1-C4F2F842316D}.Debug|Any CPU.ActiveCfg = Debug|Any CPU
		{C4E371AE-5700-4C7E-ABE1-C4F2F842316D}.Debug|Any CPU.Build.0 = Debug|Any CPU
		{C4E371AE-5700-4C7E-ABE1-C4F2F842316D}.Release|Any CPU.ActiveCfg = Release|Any CPU
		{C4E371AE-5700-4C7E-ABE1-C4F2F842316D}.Release|Any CPU.Build.0 = Release|Any CPU
		{2EEF2D76-9B74-4399-A5FA-E0B1D9E14813}.Debug|Any CPU.ActiveCfg = Debug|Any CPU
		{2EEF2D76-9B74-4399-A5FA-E0B1D9E14813}.Debug|Any CPU.Build.0 = Debug|Any CPU
		{2EEF2D76-9B74-4399-A5FA-E0B1D9E14813}.Release|Any CPU.ActiveCfg = Release|Any CPU
		{2EEF2D76-9B74-4399-A5FA-E0B1D9E14813}.Release|Any CPU.Build.0 = Release|Any CPU
	EndGlobalSection
	GlobalSection(SolutionProperties) = preSolution
		HideSolutionNode = FALSE
	EndGlobalSection
	GlobalSection(ExtensibilityGlobals) = postSolution
		SolutionGuid = {0469A0B5-B06E-4431-BB59-ADDA0B95BAA8}
	EndGlobalSection
EndGlobal
